// !$*UTF8*$!
{
	archiveVersion = 1;
	classes = {
	};
	objectVersion = 56;
	objects = {

/* Begin PBXBuildFile section */
		5B19D2932A9C55E200591741 /* AppDelegate.swift in Sources */ = {isa = PBXBuildFile; fileRef = 5B19D2922A9C55E200591741 /* AppDelegate.swift */; };
		5B19D2952A9C55E200591741 /* SceneDelegate.swift in Sources */ = {isa = PBXBuildFile; fileRef = 5B19D2942A9C55E200591741 /* SceneDelegate.swift */; };
		5B19D2972A9C55E200591741 /* ViewController.swift in Sources */ = {isa = PBXBuildFile; fileRef = 5B19D2962A9C55E200591741 /* ViewController.swift */; };
		5B19D29A2A9C55E200591741 /* Main.storyboard in Resources */ = {isa = PBXBuildFile; fileRef = 5B19D2982A9C55E200591741 /* Main.storyboard */; };
		5B19D29D2A9C55E200591741 /* CoreData2.xcdatamodeld in Sources */ = {isa = PBXBuildFile; fileRef = 5B19D29B2A9C55E200591741 /* CoreData2.xcdatamodeld */; };
		5B19D29F2A9C55E200591741 /* Assets.xcassets in Resources */ = {isa = PBXBuildFile; fileRef = 5B19D29E2A9C55E200591741 /* Assets.xcassets */; };
		5B19D2A22A9C55E200591741 /* LaunchScreen.storyboard in Resources */ = {isa = PBXBuildFile; fileRef = 5B19D2A02A9C55E200591741 /* LaunchScreen.storyboard */; };
		5B9E491D2AA1B4B7008128AD /* Song+CoreDataClass.swift in Sources */ = {isa = PBXBuildFile; fileRef = 5B9E49192AA1B4B7008128AD /* Song+CoreDataClass.swift */; };
		5B9E491E2AA1B4B7008128AD /* Song+CoreDataProperties.swift in Sources */ = {isa = PBXBuildFile; fileRef = 5B9E491A2AA1B4B7008128AD /* Song+CoreDataProperties.swift */; };
		5B9E491F2AA1B4B7008128AD /* Singar+CoreDataClass.swift in Sources */ = {isa = PBXBuildFile; fileRef = 5B9E491B2AA1B4B7008128AD /* Singar+CoreDataClass.swift */; };
		5B9E49202AA1B4B7008128AD /* Singar+CoreDataProperties.swift in Sources */ = {isa = PBXBuildFile; fileRef = 5B9E491C2AA1B4B7008128AD /* Singar+CoreDataProperties.swift */; };
/* End PBXBuildFile section */

/* Begin PBXFileReference section */
		5B19D28F2A9C55E200591741 /* CoreData2.app */ = {isa = PBXFileReference; explicitFileType = wrapper.application; includeInIndex = 0; path = CoreData2.app; sourceTree = BUILT_PRODUCTS_DIR; };
		5B19D2922A9C55E200591741 /* AppDelegate.swift */ = {isa = PBXFileReference; lastKnownFileType = sourcecode.swift; path = AppDelegate.swift; sourceTree = "<group>"; };
		5B19D2942A9C55E200591741 /* SceneDelegate.swift */ = {isa = PBXFileReference; lastKnownFileType = sourcecode.swift; path = SceneDelegate.swift; sourceTree = "<group>"; };
		5B19D2962A9C55E200591741 /* ViewController.swift */ = {isa = PBXFileReference; lastKnownFileType = sourcecode.swift; path = ViewController.swift; sourceTree = "<group>"; };
		5B19D2992A9C55E200591741 /* Base */ = {isa = PBXFileReference; lastKnownFileType = file.storyboard; name = Base; path = Base.lproj/Main.storyboard; sourceTree = "<group>"; };
		5B19D29C2A9C55E200591741 /* CoreData2.xcdatamodel */ = {isa = PBXFileReference; lastKnownFileType = wrapper.xcdatamodel; path = CoreData2.xcdatamodel; sourceTree = "<group>"; };
		5B19D29E2A9C55E200591741 /* Assets.xcassets */ = {isa = PBXFileReference; lastKnownFileType = folder.assetcatalog; path = Assets.xcassets; sourceTree = "<group>"; };
		5B19D2A12A9C55E200591741 /* Base */ = {isa = PBXFileReference; lastKnownFileType = file.storyboard; name = Base; path = Base.lproj/LaunchScreen.storyboard; sourceTree = "<group>"; };
		5B19D2A32A9C55E200591741 /* Info.plist */ = {isa = PBXFileReference; lastKnownFileType = text.plist.xml; path = Info.plist; sourceTree = "<group>"; };
		5B9E49192AA1B4B7008128AD /* Song+CoreDataClass.swift */ = {isa = PBXFileReference; lastKnownFileType = sourcecode.swift; path = "Song+CoreDataClass.swift"; sourceTree = "<group>"; };
		5B9E491A2AA1B4B7008128AD /* Song+CoreDataProperties.swift */ = {isa = PBXFileReference; lastKnownFileType = sourcecode.swift; path = "Song+CoreDataProperties.swift"; sourceTree = "<group>"; };
		5B9E491B2AA1B4B7008128AD /* Singar+CoreDataClass.swift */ = {isa = PBXFileReference; lastKnownFileType = sourcecode.swift; path = "Singar+CoreDataClass.swift"; sourceTree = "<group>"; };
		5B9E491C2AA1B4B7008128AD /* Singar+CoreDataProperties.swift */ = {isa = PBXFileReference; lastKnownFileType = sourcecode.swift; path = "Singar+CoreDataProperties.swift"; sourceTree = "<group>"; };
/* End PBXFileReference section */

/* Begin PBXFrameworksBuildPhase section */
		5B19D28C2A9C55E200591741 /* Frameworks */ = {
			isa = PBXFrameworksBuildPhase;
			buildActionMask = 2147483647;
			files = (
			);
			runOnlyForDeploymentPostprocessing = 0;
		};
/* End PBXFrameworksBuildPhase section */

/* Begin PBXGroup section */
		5B19D2862A9C55E200591741 = {
			isa = PBXGroup;
			children = (
				5B9E49192AA1B4B7008128AD /* Song+CoreDataClass.swift */,
				5B9E491A2AA1B4B7008128AD /* Song+CoreDataProperties.swift */,
				5B9E491B2AA1B4B7008128AD /* Singar+CoreDataClass.swift */,
				5B9E491C2AA1B4B7008128AD /* Singar+CoreDataProperties.swift */,
				5B19D2912A9C55E200591741 /* CoreData2 */,
				5B19D2902A9C55E200591741 /* Products */,
			);
			sourceTree = "<group>";
		};
		5B19D2902A9C55E200591741 /* Products */ = {
			isa = PBXGroup;
			children = (
				5B19D28F2A9C55E200591741 /* CoreData2.app */,
			);
			name = Products;
			sourceTree = "<group>";
		};
		5B19D2912A9C55E200591741 /* CoreData2 */ = {
			isa = PBXGroup;
			children = (
				5B19D2922A9C55E200591741 /* AppDelegate.swift */,
				5B19D2942A9C55E200591741 /* SceneDelegate.swift */,
				5B19D2962A9C55E200591741 /* ViewController.swift */,
				5B19D2982A9C55E200591741 /* Main.storyboard */,
				5B19D29E2A9C55E200591741 /* Assets.xcassets */,
				5B19D2A02A9C55E200591741 /* LaunchScreen.storyboard */,
				5B19D2A32A9C55E200591741 /* Info.plist */,
				5B19D29B2A9C55E200591741 /* CoreData2.xcdatamodeld */,
			);
			path = CoreData2;
			sourceTree = "<group>";
		};
/* End PBXGroup section */

/* Begin PBXNativeTarget section */
		5B19D28E2A9C55E200591741 /* CoreData2 */ = {
			isa = PBXNativeTarget;
			buildConfigurationList = 5B19D2A62A9C55E200591741 /* Build configuration list for PBXNativeTarget "CoreData2" */;
			buildPhases = (
				5B19D28B2A9C55E200591741 /* Sources */,
				5B19D28C2A9C55E200591741 /* Frameworks */,
				5B19D28D2A9C55E200591741 /* Resources */,
			);
			buildRules = (
			);
			dependencies = (
			);
			name = CoreData2;
			productName = CoreData2;
			productReference = 5B19D28F2A9C55E200591741 /* CoreData2.app */;
			productType = "com.apple.product-type.application";
		};
/* End PBXNativeTarget section */

/* Begin PBXProject section */
		5B19D2872A9C55E200591741 /* Project object */ = {
			isa = PBXProject;
			attributes = {
				BuildIndependentTargetsInParallel = 1;
				LastSwiftUpdateCheck = 1420;
				LastUpgradeCheck = 1420;
				TargetAttributes = {
					5B19D28E2A9C55E200591741 = {
						CreatedOnToolsVersion = 14.2;
					};
				};
			};
			buildConfigurationList = 5B19D28A2A9C55E200591741 /* Build configuration list for PBXProject "CoreData2" */;
			compatibilityVersion = "Xcode 14.0";
			developmentRegion = en;
			hasScannedForEncodings = 0;
			knownRegions = (
				en,
				Base,
			);
			mainGroup = 5B19D2862A9C55E200591741;
			productRefGroup = 5B19D2902A9C55E200591741 /* Products */;
			projectDirPath = "";
			projectRoot = "";
			targets = (
				5B19D28E2A9C55E200591741 /* CoreData2 */,
			);
		};
/* End PBXProject section */

/* Begin PBXResourcesBuildPhase section */
		5B19D28D2A9C55E200591741 /* Resources */ = {
			isa = PBXResourcesBuildPhase;
			buildActionMask = 2147483647;
			files = (
				5B19D2A22A9C55E200591741 /* LaunchScreen.storyboard in Resources */,
				5B19D29F2A9C55E200591741 /* Assets.xcassets in Resources */,
				5B19D29A2A9C55E200591741 /* Main.storyboard in Resources */,
			);
			runOnlyForDeploymentPostprocessing = 0;
		};
/* End PBXResourcesBuildPhase section */

/* Begin PBXSourcesBuildPhase section */
		5B19D28B2A9C55E200591741 /* Sources */ = {
			isa = PBXSourcesBuildPhase;
			buildActionMask = 2147483647;
			files = (
				5B9E491F2AA1B4B7008128AD /* Singar+CoreDataClass.swift in Sources */,
				5B9E491D2AA1B4B7008128AD /* Song+CoreDataClass.swift in Sources */,
				5B19D2972A9C55E200591741 /* ViewController.swift in Sources */,
				5B9E491E2AA1B4B7008128AD /* Song+CoreDataProperties.swift in Sources */,
				5B19D2932A9C55E200591741 /* AppDelegate.swift in Sources */,
				5B9E49202AA1B4B7008128AD /* Singar+CoreDataProperties.swift in Sources */,
				5B19D2952A9C55E200591741 /* SceneDelegate.swift in Sources */,
				5B19D29D2A9C55E200591741 /* CoreData2.xcdatamodeld in Sources */,
			);
			runOnlyForDeploymentPostprocessing = 0;
		};
/* End PBXSourcesBuildPhase section */

/* Begin PBXVariantGroup section */
		5B19D2982A9C55E200591741 /* Main.storyboard */ = {
			isa = PBXVariantGroup;
			children = (
				5B19D2992A9C55E200591741 /* Base */,
			);
			name = Main.storyboard;
			sourceTree = "<group>";
		};
		5B19D2A02A9C55E200591741 /* LaunchScreen.storyboard */ = {
			isa = PBXVariantGroup;
			children = (
				5B19D2A12A9C55E200591741 /* Base */,
			);
			name = LaunchScreen.storyboard;
			sourceTree = "<group>";
		};
/* End PBXVariantGroup section */

/* Begin XCBuildConfiguration section */
		5B19D2A42A9C55E200591741 /* Debug */ = {
			isa = XCBuildConfiguration;
			buildSettings = {
				ALWAYS_SEARCH_USER_PATHS = NO;
				CLANG_ANALYZER_NONNULL = YES;
				CLANG_ANALYZER_NUMBER_OBJECT_CONVERSION = YES_AGGRESSIVE;
				CLANG_CXX_LANGUAGE_STANDARD = "gnu++20";
				CLANG_ENABLE_MODULES = YES;
				CLANG_ENABLE_OBJC_ARC = YES;
				CLANG_ENABLE_OBJC_WEAK = YES;
				CLANG_WARN_BLOCK_CAPTURE_AUTORELEASING = YES;
				CLANG_WARN_BOOL_CONVERSION = YES;
				CLANG_WARN_COMMA = YES;
				CLANG_WARN_CONSTANT_CONVERSION = YES;
				CLANG_WARN_DEPRECATED_OBJC_IMPLEMENTATIONS = YES;
				CLANG_WARN_DIRECT_OBJC_ISA_USAGE = YES_ERROR;
				CLANG_WARN_DOCUMENTATION_COMMENTS = YES;
				CLANG_WARN_EMPTY_BODY = YES;
				CLANG_WARN_ENUM_CONVERSION = YES;
				CLANG_WARN_INFINITE_RECURSION = YES;
				CLANG_WARN_INT_CONVERSION = YES;
				CLANG_WARN_NON_LITERAL_NULL_CONVERSION = YES;
				CLANG_WARN_OBJC_IMPLICIT_RETAIN_SELF = YES;
				CLANG_WARN_OBJC_LITERAL_CONVERSION = YES;
				CLANG_WARN_OBJC_ROOT_CLASS = YES_ERROR;
				CLANG_WARN_QUOTED_INCLUDE_IN_FRAMEWORK_HEADER = YES;
				CLANG_WARN_RANGE_LOOP_ANALYSIS = YES;
				CLANG_WARN_STRICT_PROTOTYPES = YES;
				CLANG_WARN_SUSPICIOUS_MOVE = YES;
				CLANG_WARN_UNGUARDED_AVAILABILITY = YES_AGGRESSIVE;
				CLANG_WARN_UNREACHABLE_CODE = YES;
				CLANG_WARN__DUPLICATE_METHOD_MATCH = YES;
				COPY_PHASE_STRIP = NO;
				DEBUG_INFORMATION_FORMAT = dwarf;
				ENABLE_STRICT_OBJC_MSGSEND = YES;
				ENABLE_TESTABILITY = YES;
				GCC_C_LANGUAGE_STANDARD = gnu11;
				GCC_DYNAMIC_NO_PIC = NO;
				GCC_NO_COMMON_BLOCKS = YES;
				GCC_OPTIMIZATION_LEVEL = 0;
				GCC_PREPROCESSOR_DEFINITIONS = (
					"DEBUG=1",
					"$(inherited)",
				);
				GCC_WARN_64_TO_32_BIT_CONVERSION = YES;
				GCC_WARN_ABOUT_RETURN_TYPE = YES_ERROR;
				GCC_WARN_UNDECLARED_SELECTOR = YES;
				GCC_WARN_UNINITIALIZED_AUTOS = YES_AGGRESSIVE;
				GCC_WARN_UNUSED_FUNCTION = YES;
				GCC_WARN_UNUSED_VARIABLE = YES;
				IPHONEOS_DEPLOYMENT_TARGET = 16.2;
				MTL_ENABLE_DEBUG_INFO = INCLUDE_SOURCE;
				MTL_FAST_MATH = YES;
				ONLY_ACTIVE_ARCH = YES;
				SDKROOT = iphoneos;
				SWIFT_ACTIVE_COMPILATION_CONDITIONS = DEBUG;
				SWIFT_OPTIMIZATION_LEVEL = "-Onone";
			};
			name = Debug;
		};
		5B19D2A52A9C55E200591741 /* Release */ = {
			isa = XCBuildConfiguration;
			buildSettings = {
				ALWAYS_SEARCH_USER_PATHS = NO;
				CLANG_ANALYZER_NONNULL = YES;
				CLANG_ANALYZER_NUMBER_OBJECT_CONVERSION = YES_AGGRESSIVE;
				CLANG_CXX_LANGUAGE_STANDARD = "gnu++20";
				CLANG_ENABLE_MODULES = YES;
				CLANG_ENABLE_OBJC_ARC = YES;
				CLANG_ENABLE_OBJC_WEAK = YES;
				CLANG_WARN_BLOCK_CAPTURE_AUTORELEASING = YES;
				CLANG_WARN_BOOL_CONVERSION = YES;
				CLANG_WARN_COMMA = YES;
				CLANG_WARN_CONSTANT_CONVERSION = YES;
				CLANG_WARN_DEPRECATED_OBJC_IMPLEMENTATIONS = YES;
				CLANG_WARN_DIRECT_OBJC_ISA_USAGE = YES_ERROR;
				CLANG_WARN_DOCUMENTATION_COMMENTS = YES;
				CLANG_WARN_EMPTY_BODY = YES;
				CLANG_WARN_ENUM_CONVERSION = YES;
				CLANG_WARN_INFINITE_RECURSION = YES;
				CLANG_WARN_INT_CONVERSION = YES;
				CLANG_WARN_NON_LITERAL_NULL_CONVERSION = YES;
				CLANG_WARN_OBJC_IMPLICIT_RETAIN_SELF = YES;
				CLANG_WARN_OBJC_LITERAL_CONVERSION = YES;
				CLANG_WARN_OBJC_ROOT_CLASS = YES_ERROR;
				CLANG_WARN_QUOTED_INCLUDE_IN_FRAMEWORK_HEADER = YES;
				CLANG_WARN_RANGE_LOOP_ANALYSIS = YES;
				CLANG_WARN_STRICT_PROTOTYPES = YES;
				CLANG_WARN_SUSPICIOUS_MOVE = YES;
				CLANG_WARN_UNGUARDED_AVAILABILITY = YES_AGGRESSIVE;
				CLANG_WARN_UNREACHABLE_CODE = YES;
				CLANG_WARN__DUPLICATE_METHOD_MATCH = YES;
				COPY_PHASE_STRIP = NO;
				DEBUG_INFORMATION_FORMAT = "dwarf-with-dsym";
				ENABLE_NS_ASSERTIONS = NO;
				ENABLE_STRICT_OBJC_MSGSEND = YES;
				GCC_C_LANGUAGE_STANDARD = gnu11;
				GCC_NO_COMMON_BLOCKS = YES;
				GCC_WARN_64_TO_32_BIT_CONVERSION = YES;
				GCC_WARN_ABOUT_RETURN_TYPE = YES_ERROR;
				GCC_WARN_UNDECLARED_SELECTOR = YES;
				GCC_WARN_UNINITIALIZED_AUTOS = YES_AGGRESSIVE;
				GCC_WARN_UNUSED_FUNCTION = YES;
				GCC_WARN_UNUSED_VARIABLE = YES;
				IPHONEOS_DEPLOYMENT_TARGET = 16.2;
				MTL_ENABLE_DEBUG_INFO = NO;
				MTL_FAST_MATH = YES;
				SDKROOT = iphoneos;
				SWIFT_COMPILATION_MODE = wholemodule;
				SWIFT_OPTIMIZATION_LEVEL = "-O";
				VALIDATE_PRODUCT = YES;
			};
			name = Release;
		};
		5B19D2A72A9C55E200591741 /* Debug */ = {
			isa = XCBuildConfiguration;
			buildSettings = {
				ASSETCATALOG_COMPILER_APPICON_NAME = AppIcon;
				ASSETCATALOG_COMPILER_GLOBAL_ACCENT_COLOR_NAME = AccentColor;
				CODE_SIGN_STYLE = Automatic;
				CURRENT_PROJECT_VERSION = 1;
				GENERATE_INFOPLIST_FILE = YES;
				INFOPLIST_FILE = CoreData2/Info.plist;
				INFOPLIST_KEY_UIApplicationSupportsIndirectInputEvents = YES;
				INFOPLIST_KEY_UILaunchStoryboardName = LaunchScreen;
				INFOPLIST_KEY_UIMainStoryboardFile = Main;
				INFOPLIST_KEY_UISupportedInterfaceOrientations_iPad = "UIInterfaceOrientationPortrait UIInterfaceOrientationPortraitUpsideDown UIInterfaceOrientationLandscapeLeft UIInterfaceOrientationLandscapeRight";
				INFOPLIST_KEY_UISupportedInterfaceOrientations_iPhone = "UIInterfaceOrientationPortrait UIInterfaceOrientationLandscapeLeft UIInterfaceOrientationLandscapeRight";
				LD_RUNPATH_SEARCH_PATHS = (
					"$(inherited)",
					"@executable_path/Frameworks",
				);
				MARKETING_VERSION = 1.0;
				PRODUCT_BUNDLE_IDENTIFIER = Admin.CoreData2;
				PRODUCT_NAME = "$(TARGET_NAME)";
				SWIFT_EMIT_LOC_STRINGS = YES;
				SWIFT_VERSION = 5.0;
				TARGETED_DEVICE_FAMILY = "1,2";
			};
			name = Debug;
		};
		5B19D2A82A9C55E200591741 /* Release */ = {
			isa = XCBuildConfiguration;
			buildSettings = {
				ASSETCATALOG_COMPILER_APPICON_NAME = AppIcon;
				ASSETCATALOG_COMPILER_GLOBAL_ACCENT_COLOR_NAME = AccentColor;
				CODE_SIGN_STYLE = Automatic;
				CURRENT_PROJECT_VERSION = 1;
				GENERATE_INFOPLIST_FILE = YES;
				INFOPLIST_FILE = CoreData2/Info.plist;
				INFOPLIST_KEY_UIApplicationSupportsIndirectInputEvents = YES;
				INFOPLIST_KEY_UILaunchStoryboardName = LaunchScreen;
				INFOPLIST_KEY_UIMainStoryboardFile = Main;
				INFOPLIST_KEY_UISupportedInterfaceOrientations_iPad = "UIInterfaceOrientationPortrait UIInterfaceOrientationPortraitUpsideDown UIInterfaceOrientationLandscapeLeft UIInterfaceOrientationLandscapeRight";
				INFOPLIST_KEY_UISupportedInterfaceOrientations_iPhone = "UIInterfaceOrientationPortrait UIInterfaceOrientationLandscapeLeft UIInterfaceOrientationLandscapeRight";
				LD_RUNPATH_SEARCH_PATHS = (
					"$(inherited)",
					"@executable_path/Frameworks",
				);
				MARKETING_VERSION = 1.0;
				PRODUCT_BUNDLE_IDENTIFIER = Admin.CoreData2;
				PRODUCT_NAME = "$(TARGET_NAME)";
				SWIFT_EMIT_LOC_STRINGS = YES;
				SWIFT_VERSION = 5.0;
				TARGETED_DEVICE_FAMILY = "1,2";
			};
			name = Release;
		};
/* End XCBuildConfiguration section */

/* Begin XCConfigurationList section */
		5B19D28A2A9C55E200591741 /* Build configuration list for PBXProject "CoreData2" */ = {
			isa = XCConfigurationList;
			buildConfigurations = (
				5B19D2A42A9C55E200591741 /* Debug */,
				5B19D2A52A9C55E200591741 /* Release */,
			);
			defaultConfigurationIsVisible = 0;
			defaultConfigurationName = Release;
		};
		5B19D2A62A9C55E200591741 /* Build configuration list for PBXNativeTarget "CoreData2" */ = {
			isa = XCConfigurationList;
			buildConfigurations = (
				5B19D2A72A9C55E200591741 /* Debug */,
				5B19D2A82A9C55E200591741 /* Release */,
			);
			defaultConfigurationIsVisible = 0;
			defaultConfigurationName = Release;
		};
/* End XCConfigurationList section */

/* Begin XCVersionGroup section */
		5B19D29B2A9C55E200591741 /* CoreData2.xcdatamodeld */ = {
			isa = XCVersionGroup;
			children = (
				5B19D29C2A9C55E200591741 /* CoreData2.xcdatamodel */,
			);
			currentVersion = 5B19D29C2A9C55E200591741 /* CoreData2.xcdatamodel */;
			path = CoreData2.xcdatamodeld;
			sourceTree = "<group>";
			versionGroupType = wrapper.xcdatamodel;
		};
/* End XCVersionGroup section */
	};
	rootObject = 5B19D2872A9C55E200591741 /* Project object */;
}
